# This file was autogenerated by Stack.
# You should not edit this file by hand.
# For more information, please see the documentation at:
#   https://docs.haskellstack.org/en/stable/lock_files

packages:
- completed:
    hackage: network-2.8.0.0@sha256:aae171e6c6028a7791dbe4de5b9d2da398056359e3cc7927465ffa3cdae1aa0b,2717
    pantry-tree:
      size: 2313
      sha256: 996e67654d11409a2b7502c4a7acc79ab1e5f2e9cd158032243e4b3fc36dbedf
  original:
    hackage: network-2.8.0.0
snapshots:
- completed:
    size: 586103
    url: https://raw.githubusercontent.com/commercialhaskell/stackage-snapshots/master/lts/18/19.yaml
    sha256: 32716534fff554b7f90762130fdb985cabf29f157758934dd1c8f3892a646430
  original: lts-18.19
